{
  "name": "demo-bank-app",
  "lockfileVersion": 3,
  "packages": {
    "": {
      "name": "demo-bank-app",
      "dependencies": { "express": "^4.18.2", "bcrypt": "^5.1.0" }
    },
    "node_modules/express": {
      "version": "4.18.2",
      "dependencies": { "body-parser": "1.20.1", "qs": "6.11.0", "send": "0.18.0" }
    },
    "node_modules/bcrypt": {
      "version": "5.1.0",
      "dependencies": { "node-pre-gyp": "0.11.0" }
    },
    "node_modules/body-parser": { "version": "1.20.1" },
    "node_modules/qs": { "version": "6.11.0" },
    "node_modules/send": { "version": "0.18.0" },
    "node_modules/node-pre-gyp": { "version": "0.11.0" }
  }
}